// !$*UTF8*$!
{
	archiveVersion = 1;
	classes = {
	};
	objectVersion = 46;
	objects = {

/* Begin PBXBuildFile section */
		746C38F21DF8F19800AEA0B4 /* model.m in Sources */ = {isa = PBXBuildFile; fileRef = 746C38F11DF8F19800AEA0B4 /* model.m */; };
		BC6182D21CA3C6300038E62E /* main.m in Sources */ = {isa = PBXBuildFile; fileRef = BC6182D11CA3C6300038E62E /* main.m */; };
		BC6182D51CA3C6300038E62E /* AppDelegate.m in Sources */ = {isa = PBXBuildFile; fileRef = BC6182D41CA3C6300038E62E /* AppDelegate.m */; };
		BC6182D81CA3C6300038E62E /* ViewController.m in Sources */ = {isa = PBXBuildFile; fileRef = BC6182D71CA3C6300038E62E /* ViewController.m */; };
		BC6182DB1CA3C6300038E62E /* Main.storyboard in Resources */ = {isa = PBXBuildFile; fileRef = BC6182D91CA3C6300038E62E /* Main.storyboard */; };
		BC6182DD1CA3C6300038E62E /* Assets.xcassets in Resources */ = {isa = PBXBuildFile; fileRef = BC6182DC1CA3C6300038E62E /* Assets.xcassets */; };
		BC6182E01CA3C6300038E62E /* LaunchScreen.storyboard in Resources */ = {isa = PBXBuildFile; fileRef = BC6182DE1CA3C6300038E62E /* LaunchScreen.storyboard */; };
		BC6182E91CA3C70C0038E62E /* yyy.m in Sources */ = {isa = PBXBuildFile; fileRef = BC6182E81CA3C70C0038E62E /* yyy.m */; };
/* End PBXBuildFile section */

/* Begin PBXFileReference section */
		746C38F01DF8F19800AEA0B4 /* model.h */ = {isa = PBXFileReference; fileEncoding = 4; lastKnownFileType = sourcecode.c.h; path = model.h; sourceTree = "<group>"; };
		746C38F11DF8F19800AEA0B4 /* model.m */ = {isa = PBXFileReference; fileEncoding = 4; lastKnownFileType = sourcecode.c.objc; path = model.m; sourceTree = "<group>"; };
		BC6182CD1CA3C6300038E62E /* yyyy.app */ = {isa = PBXFileReference; explicitFileType = wrapper.application; includeInIndex = 0; path = yyyy.app; sourceTree = BUILT_PRODUCTS_DIR; };
		BC6182D11CA3C6300038E62E /* main.m */ = {isa = PBXFileReference; lastKnownFileType = sourcecode.c.objc; path = main.m; sourceTree = "<group>"; };
		BC6182D31CA3C6300038E62E /* AppDelegate.h */ = {isa = PBXFileReference; lastKnownFileType = sourcecode.c.h; path = AppDelegate.h; sourceTree = "<group>"; };
		BC6182D41CA3C6300038E62E /* AppDelegate.m */ = {isa = PBXFileReference; lastKnownFileType = sourcecode.c.objc; path = AppDelegate.m; sourceTree = "<group>"; };
		BC6182D61CA3C6300038E62E /* ViewController.h */ = {isa = PBXFileReference; lastKnownFileType = sourcecode.c.h; path = ViewController.h; sourceTree = "<group>"; };
		BC6182D71CA3C6300038E62E /* ViewController.m */ = {isa = PBXFileReference; lastKnownFileType = sourcecode.c.objc; path = ViewController.m; sourceTree = "<group>"; };
		BC6182DA1CA3C6300038E62E /* Base */ = {isa = PBXFileReference; lastKnownFileType = file.storyboard; name = Base; path = Base.lproj/Main.storyboard; sourceTree = "<group>"; };
		BC6182DC1CA3C6300038E62E /* Assets.xcassets */ = {isa = PBXFileReference; lastKnownFileType = folder.assetcatalog; path = Assets.xcassets; sourceTree = "<group>"; };
		BC6182DF1CA3C6300038E62E /* Base */ = {isa = PBXFileReference; lastKnownFileType = file.storyboard; name = Base; path = Base.lproj/LaunchScreen.storyboard; sourceTree = "<group>"; };
		BC6182E11CA3C6300038E62E /* Info.plist */ = {isa = PBXFileReference; lastKnownFileType = text.plist.xml; path = Info.plist; sourceTree = "<group>"; };
		BC6182E71CA3C70C0038E62E /* yyy.h */ = {isa = PBXFileReference; fileEncoding = 4; lastKnownFileType = sourcecode.c.h; path = yyy.h; sourceTree = "<group>"; };
		BC6182E81CA3C70C0038E62E /* yyy.m */ = {isa = PBXFileReference; fileEncoding = 4; lastKnownFileType = sourcecode.c.objc; path = yyy.m; sourceTree = "<group>"; };
/* End PBXFileReference section */

/* Begin PBXFrameworksBuildPhase section */
		BC6182CA1CA3C6300038E62E /* Frameworks */ = {
			isa = PBXFrameworksBuildPhase;
			buildActionMask = 2147483647;
			files = (
			);
			runOnlyForDeploymentPostprocessing = 0;
		};
/* End PBXFrameworksBuildPhase section */

/* Begin PBXGroup section */
		BC6182C41CA3C6300038E62E = {
			isa = PBXGroup;
			children = (
				BC6182E71CA3C70C0038E62E /* yyy.h */,
				BC6182E81CA3C70C0038E62E /* yyy.m */,
				BC6182CF1CA3C6300038E62E /* yyyy */,
			);
			sourceTree = "<group>";
		};
		BC6182CE1CA3C6300038E62E /* Products */ = {
			isa = PBXGroup;
			children = (
				BC6182CD1CA3C6300038E62E /* yyyy.app */,
			);
			name = Products;
			path = ..;
			sourceTree = "<group>";
		};
		BC6182CF1CA3C6300038E62E /* yyyy */ = {
			isa = PBXGroup;
			children = (
				746C38F01DF8F19800AEA0B4 /* model.h */,
				746C38F11DF8F19800AEA0B4 /* model.m */,
				BC6182D31CA3C6300038E62E /* AppDelegate.h */,
				BC6182D41CA3C6300038E62E /* AppDelegate.m */,
				BC6182D61CA3C6300038E62E /* ViewController.h */,
				BC6182D71CA3C6300038E62E /* ViewController.m */,
				BC6182D91CA3C6300038E62E /* Main.storyboard */,
				BC6182DC1CA3C6300038E62E /* Assets.xcassets */,
				BC6182DE1CA3C6300038E62E /* LaunchScreen.storyboard */,
				BC6182E11CA3C6300038E62E /* Info.plist */,
				BC6182D01CA3C6300038E62E /* Supporting Files */,
				BC6182CE1CA3C6300038E62E /* Products */,
			);
			path = yyyy;
			sourceTree = "<group>";
		};
		BC6182D01CA3C6300038E62E /* Supporting Files */ = {
			isa = PBXGroup;
			children = (
				BC6182D11CA3C6300038E62E /* main.m */,
			);
			name = "Supporting Files";
			sourceTree = "<group>";
		};
/* End PBXGroup section */

/* Begin PBXNativeTarget section */
		BC6182CC1CA3C6300038E62E /* yyyy */ = {
			isa = PBXNativeTarget;
			buildConfigurationList = BC6182E41CA3C6300038E62E /* Build configuration list for PBXNativeTarget "yyyy" */;
			buildPhases = (
				BC6182C91CA3C6300038E62E /* Sources */,
				BC6182CA1CA3C6300038E62E /* Frameworks */,
				BC6182CB1CA3C6300038E62E /* Resources */,
			);
			buildRules = (
			);
			dependencies = (
			);
			name = yyyy;
			productName = yyyy;
			productReference = BC6182CD1CA3C6300038E62E /* yyyy.app */;
			productType = "com.apple.product-type.application";
		};
/* End PBXNativeTarget section */

/* Begin PBXProject section */
		BC6182C51CA3C6300038E62E /* Project object */ = {
			isa = PBXProject;
			attributes = {
				LastUpgradeCheck = 0710;
				ORGANIZATIONNAME = LZzzzz;
				TargetAttributes = {
					BC6182CC1CA3C6300038E62E = {
						CreatedOnToolsVersion = 7.1.1;
					};
				};
			};
			buildConfigurationList = BC6182C81CA3C6300038E62E /* Build configuration list for PBXProject "yyyy" */;
			compatibilityVersion = "Xcode 3.2";
			developmentRegion = English;
			hasScannedForEncodings = 0;
			knownRegions = (
				en,
				Base,
			);
			mainGroup = BC6182C41CA3C6300038E62E;
			productRefGroup = BC6182CE1CA3C6300038E62E /* Products */;
			projectDirPath = "";
			projectRoot = "";
			targets = (
				BC6182CC1CA3C6300038E62E /* yyyy */,
			);
		};
/* End PBXProject section */

/* Begin PBXResourcesBuildPhase section */
		BC6182CB1CA3C6300038E62E /* Resources */ = {
			isa = PBXResourcesBuildPhase;
			buildActionMask = 2147483647;
			files = (
				BC6182E01CA3C6300038E62E /* LaunchScreen.storyboard in Resources */,
				BC6182DD1CA3C6300038E62E /* Assets.xcassets in Resources */,
				BC6182DB1CA3C6300038E62E /* Main.storyboard in Resources */,
			);
			runOnlyForDeploymentPostprocessing = 0;
		};
/* End PBXResourcesBuildPhase section */

/* Begin PBXSourcesBuildPhase section */
		BC6182C91CA3C6300038E62E /* Sources */ = {
			isa = PBXSourcesBuildPhase;
			buildActionMask = 2147483647;
			files = (
				BC6182D81CA3C6300038E62E /* ViewController.m in Sources */,
				746C38F21DF8F19800AEA0B4 /* model.m in Sources */,
				BC6182D51CA3C6300038E62E /* AppDelegate.m in Sources */,
				BC6182D21CA3C6300038E62E /* main.m in Sources */,
				BC6182E91CA3C70C0038E62E /* yyy.m in Sources */,
			);
			runOnlyForDeploymentPostprocessing = 0;
		};
/* End PBXSourcesBuildPhase section */

/* Begin PBXVariantGroup section */
		BC6182D91CA3C6300038E62E /* Main.storyboard */ = {
			isa = PBXVariantGroup;
			children = (
				BC6182DA1CA3C6300038E62E /* Base */,
			);
			name = Main.storyboard;
			sourceTree = "<group>";
		};
		BC6182DE1CA3C6300038E62E /* LaunchScreen.storyboard */ = {
			isa = PBXVariantGroup;
			children = (
				BC6182DF1CA3C6300038E62E /* Base */,
			);
			name = LaunchScreen.storyboard;
			sourceTree = "<group>";
		};
/* End PBXVariantGroup section */

/* Begin XCBuildConfiguration section */
		BC6182E21CA3C6300038E62E /* Debug */ = {
			isa = XCBuildConfiguration;
			buildSettings = {
				ALWAYS_SEARCH_USER_PATHS = NO;
				CLANG_CXX_LANGUAGE_STANDARD = "gnu++0x";
				CLANG_CXX_LIBRARY = "libc++";
				CLANG_ENABLE_MODULES = YES;
				CLANG_ENABLE_OBJC_ARC = YES;
				CLANG_WARN_BOOL_CONVERSION = YES;
				CLANG_WARN_CONSTANT_CONVERSION = YES;
				CLANG_WARN_DIRECT_OBJC_ISA_USAGE = YES_ERROR;
				CLANG_WARN_EMPTY_BODY = YES;
				CLANG_WARN_ENUM_CONVERSION = YES;
				CLANG_WARN_INT_CONVERSION = YES;
				CLANG_WARN_OBJC_ROOT_CLASS = YES_ERROR;
				CLANG_WARN_UNREACHABLE_CODE = YES;
				CLANG_WARN__DUPLICATE_METHOD_MATCH = YES;
				"CODE_SIGN_IDENTITY[sdk=iphoneos*]" = "iPhone Developer";
				COPY_PHASE_STRIP = NO;
				DEBUG_INFORMATION_FORMAT = dwarf;
				ENABLE_STRICT_OBJC_MSGSEND = YES;
				ENABLE_TESTABILITY = YES;
				GCC_C_LANGUAGE_STANDARD = gnu99;
				GCC_DYNAMIC_NO_PIC = NO;
				GCC_NO_COMMON_BLOCKS = YES;
				GCC_OPTIMIZATION_LEVEL = 0;
				GCC_PREPROCESSOR_DEFINITIONS = (
					"DEBUG=1",
					"$(inherited)",
				);
				GCC_WARN_64_TO_32_BIT_CONVERSION = YES;
				GCC_WARN_ABOUT_RETURN_TYPE = YES_ERROR;
				GCC_WARN_UNDECLARED_SELECTOR = YES;
				GCC_WARN_UNINITIALIZED_AUTOS = YES_AGGRESSIVE;
				GCC_WARN_UNUSED_FUNCTION = YES;
				GCC_WARN_UNUSED_VARIABLE = YES;
				IPHONEOS_DEPLOYMENT_TARGET = 9.1;
				MTL_ENABLE_DEBUG_INFO = YES;
				ONLY_ACTIVE_ARCH = YES;
				SDKROOT = iphoneos;
			};
			name = Debug;
		};
		BC6182E31CA3C6300038E62E /* Release */ = {
			isa = XCBuildConfiguration;
			buildSettings = {
				ALWAYS_SEARCH_USER_PATHS = NO;
				CLANG_CXX_LANGUAGE_STANDARD = "gnu++0x";
				CLANG_CXX_LIBRARY = "libc++";
				CLANG_ENABLE_MODULES = YES;
				CLANG_ENABLE_OBJC_ARC = YES;
				CLANG_WARN_BOOL_CONVERSION = YES;
				CLANG_WARN_CONSTANT_CONVERSION = YES;
				CLANG_WARN_DIRECT_OBJC_ISA_USAGE = YES_ERROR;
				CLANG_WARN_EMPTY_BODY = YES;
				CLANG_WARN_ENUM_CONVERSION = YES;
				CLANG_WARN_INT_CONVERSION = YES;
				CLANG_WARN_OBJC_ROOT_CLASS = YES_ERROR;
				CLANG_WARN_UNREACHABLE_CODE = YES;
				CLANG_WARN__DUPLICATE_METHOD_MATCH = YES;
				"CODE_SIGN_IDENTITY[sdk=iphoneos*]" = "iPhone Developer";
				COPY_PHASE_STRIP = NO;
				DEBUG_INFORMATION_FORMAT = "dwarf-with-dsym";
				ENABLE_NS_ASSERTIONS = NO;
				ENABLE_STRICT_OBJC_MSGSEND = YES;
				GCC_C_LANGUAGE_STANDARD = gnu99;
				GCC_NO_COMMON_BLOCKS = YES;
				GCC_WARN_64_TO_32_BIT_CONVERSION = YES;
				GCC_WARN_ABOUT_RETURN_TYPE = YES_ERROR;
				GCC_WARN_UNDECLARED_SELECTOR = YES;
				GCC_WARN_UNINITIALIZED_AUTOS = YES_AGGRESSIVE;
				GCC_WARN_UNUSED_FUNCTION = YES;
				GCC_WARN_UNUSED_VARIABLE = YES;
				IPHONEOS_DEPLOYMENT_TARGET = 9.1;
				MTL_ENABLE_DEBUG_INFO = NO;
				SDKROOT = iphoneos;
				VALIDATE_PRODUCT = YES;
			};
			name = Release;
		};
		BC6182E51CA3C6300038E62E /* Debug */ = {
			isa = XCBuildConfiguration;
			buildSettings = {
				ASSETCATALOG_COMPILER_APPICON_NAME = AppIcon;
				INFOPLIST_FILE = yyyy/Info.plist;
				LD_RUNPATH_SEARCH_PATHS = "$(inherited) @executable_path/Frameworks";
				PRODUCT_BUNDLE_IDENTIFIER = com.lz.yyyy;
				PRODUCT_NAME = "$(TARGET_NAME)";
			};
			name = Debug;
		};
		BC6182E61CA3C6300038E62E /* Release */ = {
			isa = XCBuildConfiguration;
			buildSettings = {
				ASSETCATALOG_COMPILER_APPICON_NAME = AppIcon;
				INFOPLIST_FILE = yyyy/Info.plist;
				LD_RUNPATH_SEARCH_PATHS = "$(inherited) @executable_path/Frameworks";
				PRODUCT_BUNDLE_IDENTIFIER = com.lz.yyyy;
				PRODUCT_NAME = "$(TARGET_NAME)";
			};
			name = Release;
		};
/* End XCBuildConfiguration section */

/* Begin XCConfigurationList section */
		BC6182C81CA3C6300038E62E /* Build configuration list for PBXProject "yyyy" */ = {
			isa = XCConfigurationList;
			buildConfigurations = (
				BC6182E21CA3C6300038E62E /* Debug */,
				BC6182E31CA3C6300038E62E /* Release */,
			);
			defaultConfigurationIsVisible = 0;
			defaultConfigurationName = Release;
		};
		BC6182E41CA3C6300038E62E /* Build configuration list for PBXNativeTarget "yyyy" */ = {
			isa = XCConfigurationList;
			buildConfigurations = (
				BC6182E51CA3C6300038E62E /* Debug */,
				BC6182E61CA3C6300038E62E /* Release */,
			);
			defaultConfigurationIsVisible = 0;
			defaultConfigurationName = Release;
		};
/* End XCConfigurationList section */
	};
	rootObject = BC6182C51CA3C6300038E62E /* Project object */;
}
